{
  "nodes": {
    "disko": {
      "inputs": {
        "nixpkgs": [
          "nixpkgs"
        ]
      },
      "locked": {
        "lastModified": 1757508292,
        "narHash": "sha256-7lVWL5bC6xBIMWWDal41LlGAG+9u2zUorqo3QCUL4p4=",
        "owner": "nix-community",
        "repo": "disko",
        "rev": "146f45bee02b8bd88812cfce6ffc0f933788875a",
        "type": "github"
      },
      "original": {
        "owner": "nix-community",
        "repo": "disko",
        "type": "github"
      }
    },
    "flake-parts": {
      "inputs": {
        "nixpkgs-lib": [
          "nix-citizen",
          "nixpkgs"
        ]
      },
      "locked": {
        "lastModified": 1756770412,
        "narHash": "sha256-+uWLQZccFHwqpGqr2Yt5VsW/PbeJVTn9Dk6SHWhNRPw=",
        "owner": "hercules-ci",
        "repo": "flake-parts",
        "rev": "4524271976b625a4a605beefd893f270620fd751",
        "type": "github"
      },
      "original": {
        "owner": "hercules-ci",
        "repo": "flake-parts",
        "type": "github"
      }
    },
    "flake-parts_2": {
      "inputs": {
        "nixpkgs-lib": "nixpkgs-lib"
      },
      "locked": {
        "lastModified": 1756770412,
        "narHash": "sha256-+uWLQZccFHwqpGqr2Yt5VsW/PbeJVTn9Dk6SHWhNRPw=",
        "owner": "hercules-ci",
        "repo": "flake-parts",
        "rev": "4524271976b625a4a605beefd893f270620fd751",
        "type": "github"
      },
      "original": {
        "owner": "hercules-ci",
        "repo": "flake-parts",
        "type": "github"
      }
    },
    "flake-utils": {
      "inputs": {
        "systems": "systems_2"
      },
      "locked": {
        "lastModified": 1731533236,
        "narHash": "sha256-l0KFg5HjrsfsO/JpG+r7fRrqm12kzFHyUHqHCVpMMbI=",
        "owner": "numtide",
        "repo": "flake-utils",
        "rev": "11707dc2f618dd54ca8739b309ec4fc024de578b",
        "type": "github"
      },
      "original": {
        "owner": "numtide",
        "repo": "flake-utils",
        "type": "github"
      }
    },
    "home-manager": {
      "inputs": {
        "nixpkgs": [
          "nixpkgs"
        ]
      },
      "locked": {
        "lastModified": 1757808926,
        "narHash": "sha256-K6PEI5PYY94TVMH0mX3MbZNYFme7oNRKml/85BpRRAo=",
        "owner": "nix-community",
        "repo": "home-manager",
        "rev": "f21d9167782c086a33ad53e2311854a8f13c281e",
        "type": "github"
      },
      "original": {
        "owner": "nix-community",
        "ref": "release-25.05",
        "repo": "home-manager",
        "type": "github"
      }
    },
    "keyring-unlocker-src": {
      "flake": false,
      "locked": {
        "lastModified": 1736762887,
        "narHash": "sha256-JWNdFC9X597HzyNKcYIp09dZFveuaj+/+MvqU8YG3z4=",
        "owner": "recolic",
        "repo": "gnome-keyring-yubikey-unlock",
        "rev": "bc874e72e6f13b7385049fa4ea597dd8be6c72be",
        "type": "github"
      },
      "original": {
        "owner": "recolic",
        "repo": "gnome-keyring-yubikey-unlock",
        "type": "github"
      }
    },
    "nix-citizen": {
      "inputs": {
        "flake-parts": "flake-parts",
        "nix-gaming": [
          "nix-gaming"
        ],
        "nix-github-actions": "nix-github-actions",
        "nixpkgs": [
          "nixpkgs"
        ],
        "systems": "systems",
        "treefmt-nix": "treefmt-nix"
      },
      "locked": {
        "lastModified": 1757949341,
        "narHash": "sha256-fYcfbSdLUp5KCf0boWwqflPCZSU6BO4dWXH1cb/q48M=",
        "owner": "LovingMelody",
        "repo": "nix-citizen",
        "rev": "ffa88483a9b59b434c499859c52f9b835a5c8014",
        "type": "github"
      },
      "original": {
        "owner": "LovingMelody",
        "repo": "nix-citizen",
        "type": "github"
      }
    },
    "nix-gaming": {
      "inputs": {
        "flake-parts": "flake-parts_2",
        "nixpkgs": [
          "nixpkgs"
        ]
      },
      "locked": {
        "lastModified": 1757814419,
        "narHash": "sha256-wmlDAkOrwX9cvhXQa7wekGr/5G6SfE2D5KlvuvSEEXc=",
        "owner": "fufexan",
        "repo": "nix-gaming",
        "rev": "17db183a6a2ba1217bbfc123b47d4b5ee70b256a",
        "type": "github"
      },
      "original": {
        "owner": "fufexan",
        "repo": "nix-gaming",
        "type": "github"
      }
    },
    "nix-github-actions": {
      "inputs": {
        "nixpkgs": [
          "nix-citizen",
          "nixpkgs"
        ]
      },
      "locked": {
        "lastModified": 1737420293,
        "narHash": "sha256-F1G5ifvqTpJq7fdkT34e/Jy9VCyzd5XfJ9TO8fHhJWE=",
        "owner": "nix-community",
        "repo": "nix-github-actions",
        "rev": "f4158fa080ef4503c8f4c820967d946c2af31ec9",
        "type": "github"
      },
      "original": {
        "owner": "nix-community",
        "repo": "nix-github-actions",
        "type": "github"
      }
    },
    "nix-secrets": {
      "locked": {
        "lastModified": 1753874798,
        "narHash": "sha256-DPEUe8tbE+g71o+ABMfwsM9V4HpwUUdGOMUDZbWQkGE=",
        "ref": "main",
        "rev": "42b19091f4c76ee4be94244268bcf9de509f39e0",
        "shallow": true,
        "type": "git",
        "url": "ssh://git@github.com/ProfiiDev/nix-secrets.git"
      },
      "original": {
        "ref": "main",
        "shallow": true,
        "type": "git",
        "url": "ssh://git@github.com/ProfiiDev/nix-secrets.git"
      }
    },
    "nixpkgs": {
      "locked": {
        "lastModified": 1757810152,
        "narHash": "sha256-Vp9K5ol6h0J90jG7Rm4RWZsCB3x7v5VPx588TQ1dkfs=",
        "owner": "nixos",
        "repo": "nixpkgs",
        "rev": "9a094440e02a699be5c57453a092a8baf569bdad",
        "type": "github"
      },
      "original": {
        "owner": "nixos",
        "ref": "nixos-25.05",
        "repo": "nixpkgs",
        "type": "github"
      }
    },
    "nixpkgs-lib": {
      "locked": {
        "lastModified": 1754788789,
        "narHash": "sha256-x2rJ+Ovzq0sCMpgfgGaaqgBSwY+LST+WbZ6TytnT9Rk=",
        "owner": "nix-community",
        "repo": "nixpkgs.lib",
        "rev": "a73b9c743612e4244d865a2fdee11865283c04e6",
        "type": "github"
      },
      "original": {
        "owner": "nix-community",
        "repo": "nixpkgs.lib",
        "type": "github"
      }
    },
    "nixpkgs-unstable": {
      "locked": {
        "lastModified": 1757745802,
        "narHash": "sha256-hLEO2TPj55KcUFUU1vgtHE9UEIOjRcH/4QbmfHNF820=",
        "owner": "nixos",
        "repo": "nixpkgs",
        "rev": "c23193b943c6c689d70ee98ce3128239ed9e32d1",
        "type": "github"
      },
      "original": {
        "owner": "nixos",
        "ref": "nixos-unstable",
        "repo": "nixpkgs",
        "type": "github"
      }
    },
    "nixpkgs_2": {
      "locked": {
        "lastModified": 1753549186,
        "narHash": "sha256-Znl7rzuxKg/Mdm6AhimcKynM7V3YeNDIcLjBuoBcmNs=",
        "owner": "NixOS",
        "repo": "nixpkgs",
        "rev": "17f6bd177404d6d43017595c5264756764444ab8",
        "type": "github"
      },
      "original": {
        "owner": "NixOS",
        "ref": "nixos-unstable",
        "repo": "nixpkgs",
        "type": "github"
      }
    },
    "nixpkgs_3": {
      "locked": {
        "lastModified": 1744536153,
        "narHash": "sha256-awS2zRgF4uTwrOKwwiJcByDzDOdo3Q1rPZbiHQg/N38=",
        "owner": "NixOS",
        "repo": "nixpkgs",
        "rev": "18dd725c29603f582cf1900e0d25f9f1063dbf11",
        "type": "github"
      },
      "original": {
        "owner": "NixOS",
        "ref": "nixpkgs-unstable",
        "repo": "nixpkgs",
        "type": "github"
      }
    },
    "proton": {
      "inputs": {
        "flake-utils": "flake-utils",
        "nixpkgs": "nixpkgs_2",
        "rust-overlay": "rust-overlay"
      },
      "locked": {
        "lastModified": 1757783446,
        "narHash": "sha256-80S9cs5zX6fhr/MnT6S2D+z+wc8+GUuX7gRQsTRrQLw=",
        "owner": "profiidev",
        "repo": "proton",
        "rev": "9fd801eec64f4b1ba84787777b4caed411505e48",
        "type": "github"
      },
      "original": {
        "owner": "profiidev",
        "ref": "latest",
        "repo": "proton",
        "type": "github"
      }
    },
    "root": {
      "inputs": {
        "disko": "disko",
        "home-manager": "home-manager",
        "keyring-unlocker-src": "keyring-unlocker-src",
        "nix-citizen": "nix-citizen",
        "nix-gaming": "nix-gaming",
        "nix-secrets": "nix-secrets",
        "nixpkgs": "nixpkgs",
        "nixpkgs-unstable": "nixpkgs-unstable",
        "proton": "proton",
        "rust-overlay": "rust-overlay_2",
        "sops-nix": "sops-nix"
      }
    },
    "rust-overlay": {
      "inputs": {
        "nixpkgs": "nixpkgs_3"
      },
      "locked": {
        "lastModified": 1753671061,
        "narHash": "sha256-IU4eBWfe9h2QejJYST+EAlhg8a1H6mh9gbcmWgZ2/mQ=",
        "owner": "oxalica",
        "repo": "rust-overlay",
        "rev": "40065d17ee4dbec3ded8ca61236132aede843fab",
        "type": "github"
      },
      "original": {
        "owner": "oxalica",
        "repo": "rust-overlay",
        "type": "github"
      }
    },
    "rust-overlay_2": {
      "inputs": {
        "nixpkgs": [
          "nixpkgs"
        ]
      },
      "locked": {
        "lastModified": 1757989933,
        "narHash": "sha256-9cpKYWWPCFhgwQTww8S94rTXgg8Q8ydFv9fXM6I8xQM=",
        "owner": "oxalica",
        "repo": "rust-overlay",
        "rev": "8249aa3442fb9b45e615a35f39eca2fe5510d7c3",
        "type": "github"
      },
      "original": {
        "owner": "oxalica",
        "repo": "rust-overlay",
        "type": "github"
      }
    },
    "sops-nix": {
      "inputs": {
        "nixpkgs": [
          "nixpkgs"
        ]
      },
      "locked": {
        "lastModified": 1758007585,
        "narHash": "sha256-HYnwlbY6RE5xVd5rh0bYw77pnD8lOgbT4mlrfjgNZ0c=",
        "owner": "mic92",
        "repo": "sops-nix",
        "rev": "f77d4cfa075c3de66fc9976b80e0c4fc69e2c139",
        "type": "github"
      },
      "original": {
        "owner": "mic92",
        "repo": "sops-nix",
        "type": "github"
      }
    },
    "systems": {
      "locked": {
        "lastModified": 1681028828,
        "narHash": "sha256-Vy1rq5AaRuLzOxct8nz4T6wlgyUR7zLU309k9mBC768=",
        "owner": "nix-systems",
        "repo": "default",
        "rev": "da67096a3b9bf56a91d16901293e51ba5b49a27e",
        "type": "github"
      },
      "original": {
        "owner": "nix-systems",
        "repo": "default",
        "type": "github"
      }
    },
    "systems_2": {
      "locked": {
        "lastModified": 1681028828,
        "narHash": "sha256-Vy1rq5AaRuLzOxct8nz4T6wlgyUR7zLU309k9mBC768=",
        "owner": "nix-systems",
        "repo": "default",
        "rev": "da67096a3b9bf56a91d16901293e51ba5b49a27e",
        "type": "github"
      },
      "original": {
        "owner": "nix-systems",
        "repo": "default",
        "type": "github"
      }
    },
    "treefmt-nix": {
      "inputs": {
        "nixpkgs": [
          "nix-citizen",
          "nixpkgs"
        ]
      },
      "locked": {
        "lastModified": 1756662192,
        "narHash": "sha256-F1oFfV51AE259I85av+MAia221XwMHCOtZCMcZLK2Jk=",
        "owner": "numtide",
        "repo": "treefmt-nix",
        "rev": "1aabc6c05ccbcbf4a635fb7a90400e44282f61c4",
        "type": "github"
      },
      "original": {
        "owner": "numtide",
        "repo": "treefmt-nix",
        "type": "github"
      }
    }
  },
  "root": "root",
  "version": 7
}
